
Microsoft Visual Studio Solution File, Format Version 12.00
# Visual Studio Version 16
VisualStudioVersion = 16.0.29806.167
MinimumVisualStudioVersion = 10.0.40219.1
Project("{2150E333-8FDC-42A3-9474-1A3956D46DE8}") = "Client", "Client", "{79D126AB-D351-40D8-B869-717D8082EF02}"
EndProject
Project("{2150E333-8FDC-42A3-9474-1A3956D46DE8}") = "Server", "Server", "{A235C9E8-5E71-417D-8A43-4E346121FB7B}"
EndProject
Project("{9A19103F-16F7-4668-BE54-9A1E7A4F7556}") = "EMSystem.Indentity", "Server\EMSystem.Indentity\EMSystem.Indentity.csproj", "{BD51D77F-FED8-4C5A-8980-1523A921B57C}"
EndProject
Project("{9A19103F-16F7-4668-BE54-9A1E7A4F7556}") = "EMSystem.Resource", "Server\EMSystem.Resource\EMSystem.Resource.csproj", "{7FD8ED18-21D8-4B0B-85B4-EFBDFF1C39B9}"
EndProject
Project("{9A19103F-16F7-4668-BE54-9A1E7A4F7556}") = "EMSystem.Server.Shared", "Server\EMSystem.Server.Shared\EMSystem.Server.Shared.csproj", "{D855B78D-87CE-4E48-9A13-63F3A469D8FC}"
EndProject
Project("{9A19103F-16F7-4668-BE54-9A1E7A4F7556}") = "ApiTest", "ApiTest\ApiTest.csproj", "{1F525582-C969-40E0-8020-9D59D534AC9D}"
EndProject
Project("{9A19103F-16F7-4668-BE54-9A1E7A4F7556}") = "ApiClient", "ApiClient\ApiClient.csproj", "{28D5C530-D7AF-45DC-95D2-79B969C9A8AC}"
EndProject
Project("{9A19103F-16F7-4668-BE54-9A1E7A4F7556}") = "EMSytem.Domain", "EMSytem.Domain\EMSytem.Domain.csproj", "{1CD9AC55-34E4-4123-8181-C71C3D2F69A0}"
EndProject
Project("{2150E333-8FDC-42A3-9474-1A3956D46DE8}") = "Architechture", "Architechture", "{487BDF4B-3C78-459D-9F64-D8B179339AA0}"
EndProject
Project("{9A19103F-16F7-4668-BE54-9A1E7A4F7556}") = "EMSystem.Data", "EMSystem.Data\EMSystem.Data.csproj", "{0B7CC358-95A9-4243-8D91-1F8A247945A5}"
EndProject
Project("{9A19103F-16F7-4668-BE54-9A1E7A4F7556}") = "EMSystem.Repository", "EMSystem.Repository\EMSystem.Repository.csproj", "{B5F5B229-8CB9-4C47-8DAF-67A15B81C1BA}"
EndProject
Project("{9A19103F-16F7-4668-BE54-9A1E7A4F7556}") = "EMSystem.Service", "EMSystem.Service\EMSystem.Service.csproj", "{46439241-4D1A-437D-AF6E-55C3EA37BA6D}"
EndProject
Project("{2150E333-8FDC-42A3-9474-1A3956D46DE8}") = "React", "React", "{46B40FB5-B961-4084-980A-E7D6574C7345}"
	ProjectSection(SolutionItems) = preProject
		README.md = README.md
	EndProjectSection
EndProject
Global
	GlobalSection(SolutionConfigurationPlatforms) = preSolution
		Debug|Any CPU = Debug|Any CPU
		Release|Any CPU = Release|Any CPU
	EndGlobalSection
	GlobalSection(ProjectConfigurationPlatforms) = postSolution
		{BD51D77F-FED8-4C5A-8980-1523A921B57C}.Debug|Any CPU.ActiveCfg = Debug|Any CPU
		{BD51D77F-FED8-4C5A-8980-1523A921B57C}.Debug|Any CPU.Build.0 = Debug|Any CPU
		{BD51D77F-FED8-4C5A-8980-1523A921B57C}.Release|Any CPU.ActiveCfg = Release|Any CPU
		{BD51D77F-FED8-4C5A-8980-1523A921B57C}.Release|Any CPU.Build.0 = Release|Any CPU
		{7FD8ED18-21D8-4B0B-85B4-EFBDFF1C39B9}.Debug|Any CPU.ActiveCfg = Debug|Any CPU
		{7FD8ED18-21D8-4B0B-85B4-EFBDFF1C39B9}.Debug|Any CPU.Build.0 = Debug|Any CPU
		{7FD8ED18-21D8-4B0B-85B4-EFBDFF1C39B9}.Release|Any CPU.ActiveCfg = Release|Any CPU
		{7FD8ED18-21D8-4B0B-85B4-EFBDFF1C39B9}.Release|Any CPU.Build.0 = Release|Any CPU
		{D855B78D-87CE-4E48-9A13-63F3A469D8FC}.Debug|Any CPU.ActiveCfg = Debug|Any CPU
		{D855B78D-87CE-4E48-9A13-63F3A469D8FC}.Debug|Any CPU.Build.0 = Debug|Any CPU
		{D855B78D-87CE-4E48-9A13-63F3A469D8FC}.Release|Any CPU.ActiveCfg = Release|Any CPU
		{D855B78D-87CE-4E48-9A13-63F3A469D8FC}.Release|Any CPU.Build.0 = Release|Any CPU
		{1F525582-C969-40E0-8020-9D59D534AC9D}.Debug|Any CPU.ActiveCfg = Debug|Any CPU
		{1F525582-C969-40E0-8020-9D59D534AC9D}.Debug|Any CPU.Build.0 = Debug|Any CPU
		{1F525582-C969-40E0-8020-9D59D534AC9D}.Release|Any CPU.ActiveCfg = Release|Any CPU
		{1F525582-C969-40E0-8020-9D59D534AC9D}.Release|Any CPU.Build.0 = Release|Any CPU
		{28D5C530-D7AF-45DC-95D2-79B969C9A8AC}.Debug|Any CPU.ActiveCfg = Debug|Any CPU
		{28D5C530-D7AF-45DC-95D2-79B969C9A8AC}.Debug|Any CPU.Build.0 = Debug|Any CPU
		{28D5C530-D7AF-45DC-95D2-79B969C9A8AC}.Release|Any CPU.ActiveCfg = Release|Any CPU
		{28D5C530-D7AF-45DC-95D2-79B969C9A8AC}.Release|Any CPU.Build.0 = Release|Any CPU
		{1CD9AC55-34E4-4123-8181-C71C3D2F69A0}.Debug|Any CPU.ActiveCfg = Debug|Any CPU
		{1CD9AC55-34E4-4123-8181-C71C3D2F69A0}.Debug|Any CPU.Build.0 = Debug|Any CPU
		{1CD9AC55-34E4-4123-8181-C71C3D2F69A0}.Release|Any CPU.ActiveCfg = Release|Any CPU
		{1CD9AC55-34E4-4123-8181-C71C3D2F69A0}.Release|Any CPU.Build.0 = Release|Any CPU
		{0B7CC358-95A9-4243-8D91-1F8A247945A5}.Debug|Any CPU.ActiveCfg = Debug|Any CPU
		{0B7CC358-95A9-4243-8D91-1F8A247945A5}.Debug|Any CPU.Build.0 = Debug|Any CPU
		{0B7CC358-95A9-4243-8D91-1F8A247945A5}.Release|Any CPU.ActiveCfg = Release|Any CPU
		{0B7CC358-95A9-4243-8D91-1F8A247945A5}.Release|Any CPU.Build.0 = Release|Any CPU
		{B5F5B229-8CB9-4C47-8DAF-67A15B81C1BA}.Debug|Any CPU.ActiveCfg = Debug|Any CPU
		{B5F5B229-8CB9-4C47-8DAF-67A15B81C1BA}.Debug|Any CPU.Build.0 = Debug|Any CPU
		{B5F5B229-8CB9-4C47-8DAF-67A15B81C1BA}.Release|Any CPU.ActiveCfg = Release|Any CPU
		{B5F5B229-8CB9-4C47-8DAF-67A15B81C1BA}.Release|Any CPU.Build.0 = Release|Any CPU
		{46439241-4D1A-437D-AF6E-55C3EA37BA6D}.Debug|Any CPU.ActiveCfg = Debug|Any CPU
		{46439241-4D1A-437D-AF6E-55C3EA37BA6D}.Debug|Any CPU.Build.0 = Debug|Any CPU
		{46439241-4D1A-437D-AF6E-55C3EA37BA6D}.Release|Any CPU.ActiveCfg = Release|Any CPU
		{46439241-4D1A-437D-AF6E-55C3EA37BA6D}.Release|Any CPU.Build.0 = Release|Any CPU
	EndGlobalSection
	GlobalSection(SolutionProperties) = preSolution
		HideSolutionNode = FALSE
	EndGlobalSection
	GlobalSection(NestedProjects) = preSolution
		{BD51D77F-FED8-4C5A-8980-1523A921B57C} = {A235C9E8-5E71-417D-8A43-4E346121FB7B}
		{7FD8ED18-21D8-4B0B-85B4-EFBDFF1C39B9} = {A235C9E8-5E71-417D-8A43-4E346121FB7B}
		{D855B78D-87CE-4E48-9A13-63F3A469D8FC} = {A235C9E8-5E71-417D-8A43-4E346121FB7B}
		{1F525582-C969-40E0-8020-9D59D534AC9D} = {A235C9E8-5E71-417D-8A43-4E346121FB7B}
		{28D5C530-D7AF-45DC-95D2-79B969C9A8AC} = {A235C9E8-5E71-417D-8A43-4E346121FB7B}
		{1CD9AC55-34E4-4123-8181-C71C3D2F69A0} = {487BDF4B-3C78-459D-9F64-D8B179339AA0}
		{487BDF4B-3C78-459D-9F64-D8B179339AA0} = {A235C9E8-5E71-417D-8A43-4E346121FB7B}
		{0B7CC358-95A9-4243-8D91-1F8A247945A5} = {487BDF4B-3C78-459D-9F64-D8B179339AA0}
		{B5F5B229-8CB9-4C47-8DAF-67A15B81C1BA} = {487BDF4B-3C78-459D-9F64-D8B179339AA0}
		{46439241-4D1A-437D-AF6E-55C3EA37BA6D} = {A235C9E8-5E71-417D-8A43-4E346121FB7B}
		{46B40FB5-B961-4084-980A-E7D6574C7345} = {79D126AB-D351-40D8-B869-717D8082EF02}
	EndGlobalSection
	GlobalSection(ExtensibilityGlobals) = postSolution
		SolutionGuid = {F5A4C8C1-F116-40DD-8386-BD4C9DDFE98E}
	EndGlobalSection
EndGlobal
